<?xml version="1.0" encoding="UTF-8"?>
<!DOCTYPE plist PUBLIC "-//Apple//DTD PLIST 1.0//EN" "http://www.apple.com/DTDs/PropertyList-1.0.dtd">
<plist version="1.0">
<dict>
	<key>archiveVersion</key>
	<string>1</string>
	<key>classes</key>
	<dict/>
	<key>objectVersion</key>
	<string>46</string>
	<key>objects</key>
	<dict>
		<key>319DC49A081F4E20B2E6478A</key>
		<dict>
			<key>buildActionMask</key>
			<string>2147483647</string>
			<key>files</key>
			<array/>
			<key>inputPaths</key>
			<array/>
			<key>isa</key>
			<string>PBXShellScriptBuildPhase</string>
			<key>name</key>
			<string>Check Pods Manifest.lock</string>
			<key>outputPaths</key>
			<array/>
			<key>runOnlyForDeploymentPostprocessing</key>
			<string>0</string>
			<key>shellPath</key>
			<string>/bin/sh</string>
			<key>shellScript</key>
			<string>diff "${PODS_ROOT}/../Podfile.lock" "${PODS_ROOT}/Manifest.lock" &gt; /dev/null
if [[ $? != 0 ]] ; then
    cat &lt;&lt; EOM
error: The sandbox is not in sync with the Podfile.lock. Run 'pod install' or update your CocoaPods installation.
EOM
    exit 1
fi
</string>
			<key>showEnvVarsInLog</key>
			<string>0</string>
		</dict>
		<key>6B78E3D0536A4A8BBCADAE85</key>
		<dict>
			<key>buildActionMask</key>
			<string>2147483647</string>
			<key>files</key>
			<array/>
			<key>inputPaths</key>
			<array/>
			<key>isa</key>
			<string>PBXShellScriptBuildPhase</string>
			<key>name</key>
			<string>Copy Pods Resources</string>
			<key>outputPaths</key>
			<array/>
			<key>runOnlyForDeploymentPostprocessing</key>
			<string>0</string>
			<key>shellPath</key>
			<string>/bin/sh</string>
			<key>shellScript</key>
			<string>"${SRCROOT}/Pods/Pods-Reactive Colors-resources.sh"
</string>
			<key>showEnvVarsInLog</key>
			<string>0</string>
		</dict>
		<key>81A37F7202CB462A85359C5C</key>
		<dict>
			<key>fileRef</key>
			<string>8327882B4D774C378C5B61AA</string>
			<key>isa</key>
			<string>PBXBuildFile</string>
		</dict>
		<key>8327882B4D774C378C5B61AA</key>
		<dict>
			<key>explicitFileType</key>
			<string>archive.ar</string>
			<key>includeInIndex</key>
			<string>0</string>
			<key>isa</key>
			<string>PBXFileReference</string>
			<key>path</key>
			<string>libPods-Reactive Colors.a</string>
			<key>sourceTree</key>
			<string>BUILT_PRODUCTS_DIR</string>
		</dict>
		<key>A78BCC4A323C4A59BD200A9B</key>
		<dict>
			<key>includeInIndex</key>
			<string>1</string>
			<key>isa</key>
			<string>PBXFileReference</string>
			<key>lastKnownFileType</key>
			<string>text.xcconfig</string>
			<key>name</key>
			<string>Pods-Reactive Colors.xcconfig</string>
			<key>path</key>
			<string>Pods/Pods-Reactive Colors.xcconfig</string>
			<key>sourceTree</key>
			<string>&lt;group&gt;</string>
		</dict>
		<key>C131F852193A85AD00DE87FE</key>
		<dict>
			<key>children</key>
			<array>
				<string>C131F864193A85AD00DE87FE</string>
				<string>C131F886193A85AD00DE87FE</string>
				<string>C131F85D193A85AD00DE87FE</string>
				<string>C131F85C193A85AD00DE87FE</string>
				<string>A78BCC4A323C4A59BD200A9B</string>
			</array>
			<key>isa</key>
			<string>PBXGroup</string>
			<key>sourceTree</key>
			<string>&lt;group&gt;</string>
		</dict>
		<key>C131F853193A85AD00DE87FE</key>
		<dict>
			<key>attributes</key>
			<dict>
				<key>CLASSPREFIX</key>
				<string>RXC</string>
				<key>LastUpgradeCheck</key>
				<string>0500</string>
				<key>ORGANIZATIONNAME</key>
				<string>Pete Hodgson</string>
				<key>TargetAttributes</key>
				<dict>
					<key>C131F87E193A85AD00DE87FE</key>
					<dict>
						<key>TestTargetID</key>
						<string>C131F85A193A85AD00DE87FE</string>
					</dict>
				</dict>
			</dict>
			<key>buildConfigurationList</key>
			<string>C131F856193A85AD00DE87FE</string>
			<key>compatibilityVersion</key>
			<string>Xcode 3.2</string>
			<key>developmentRegion</key>
			<string>English</string>
			<key>hasScannedForEncodings</key>
			<string>0</string>
			<key>isa</key>
			<string>PBXProject</string>
			<key>knownRegions</key>
			<array>
				<string>en</string>
				<string>Base</string>
			</array>
			<key>mainGroup</key>
			<string>C131F852193A85AD00DE87FE</string>
			<key>productRefGroup</key>
			<string>C131F85C193A85AD00DE87FE</string>
			<key>projectDirPath</key>
			<string></string>
			<key>projectReferences</key>
			<array/>
			<key>projectRoot</key>
			<string></string>
			<key>targets</key>
			<array>
				<string>C131F85A193A85AD00DE87FE</string>
				<string>C131F87E193A85AD00DE87FE</string>
			</array>
		</dict>
		<key>C131F856193A85AD00DE87FE</key>
		<dict>
			<key>buildConfigurations</key>
			<array>
				<string>C131F88E193A85AD00DE87FE</string>
				<string>C131F88F193A85AD00DE87FE</string>
			</array>
			<key>defaultConfigurationIsVisible</key>
			<string>0</string>
			<key>defaultConfigurationName</key>
			<string>Release</string>
			<key>isa</key>
			<string>XCConfigurationList</string>
		</dict>
		<key>C131F857193A85AD00DE87FE</key>
		<dict>
			<key>buildActionMask</key>
			<string>2147483647</string>
			<key>files</key>
			<array>
				<string>C131F86F193A85AD00DE87FE</string>
				<string>C131F89C193BF18C00DE87FE</string>
				<string>C131F86B193A85AD00DE87FE</string>
			</array>
			<key>isa</key>
			<string>PBXSourcesBuildPhase</string>
			<key>runOnlyForDeploymentPostprocessing</key>
			<string>0</string>
		</dict>
		<key>C131F858193A85AD00DE87FE</key>
		<dict>
			<key>buildActionMask</key>
			<string>2147483647</string>
			<key>files</key>
			<array>
				<string>C131F861193A85AD00DE87FE</string>
				<string>C131F863193A85AD00DE87FE</string>
				<string>C131F85F193A85AD00DE87FE</string>
				<string>81A37F7202CB462A85359C5C</string>
			</array>
			<key>isa</key>
			<string>PBXFrameworksBuildPhase</string>
			<key>runOnlyForDeploymentPostprocessing</key>
			<string>0</string>
		</dict>
		<key>C131F859193A85AD00DE87FE</key>
		<dict>
			<key>buildActionMask</key>
			<string>2147483647</string>
			<key>files</key>
			<array>
				<string>C131F87A193A85AD00DE87FE</string>
				<string>C131F869193A85AD00DE87FE</string>
				<string>C131F89E193BF18C00DE87FE</string>
			</array>
			<key>isa</key>
			<string>PBXResourcesBuildPhase</string>
			<key>runOnlyForDeploymentPostprocessing</key>
			<string>0</string>
		</dict>
		<key>C131F85A193A85AD00DE87FE</key>
		<dict>
			<key>buildConfigurationList</key>
			<string>C131F890193A85AD00DE87FE</string>
			<key>buildPhases</key>
			<array>
				<string>319DC49A081F4E20B2E6478A</string>
				<string>C131F857193A85AD00DE87FE</string>
				<string>C131F858193A85AD00DE87FE</string>
				<string>C131F859193A85AD00DE87FE</string>
				<string>6B78E3D0536A4A8BBCADAE85</string>
			</array>
			<key>buildRules</key>
			<array/>
			<key>dependencies</key>
			<array/>
			<key>isa</key>
			<string>PBXNativeTarget</string>
			<key>name</key>
			<string>Reactive Colors</string>
			<key>productName</key>
			<string>Reactive Colors</string>
			<key>productReference</key>
			<string>C131F85B193A85AD00DE87FE</string>
			<key>productType</key>
			<string>com.apple.product-type.application</string>
		</dict>
		<key>C131F85B193A85AD00DE87FE</key>
		<dict>
			<key>explicitFileType</key>
			<string>wrapper.application</string>
			<key>includeInIndex</key>
			<string>0</string>
			<key>isa</key>
			<string>PBXFileReference</string>
			<key>path</key>
			<string>Reactive Colors.app</string>
			<key>sourceTree</key>
			<string>BUILT_PRODUCTS_DIR</string>
		</dict>
		<key>C131F85C193A85AD00DE87FE</key>
		<dict>
			<key>children</key>
			<array>
				<string>C131F85B193A85AD00DE87FE</string>
				<string>C131F87F193A85AD00DE87FE</string>
			</array>
			<key>isa</key>
			<string>PBXGroup</string>
			<key>name</key>
			<string>Products</string>
			<key>sourceTree</key>
			<string>&lt;group&gt;</string>
		</dict>
		<key>C131F85D193A85AD00DE87FE</key>
		<dict>
			<key>children</key>
			<array>
				<string>C131F85E193A85AD00DE87FE</string>
				<string>C131F860193A85AD00DE87FE</string>
				<string>C131F862193A85AD00DE87FE</string>
				<string>C131F880193A85AD00DE87FE</string>
				<string>8327882B4D774C378C5B61AA</string>
			</array>
			<key>isa</key>
			<string>PBXGroup</string>
			<key>name</key>
			<string>Frameworks</string>
			<key>sourceTree</key>
			<string>&lt;group&gt;</string>
		</dict>
		<key>C131F85E193A85AD00DE87FE</key>
		<dict>
			<key>isa</key>
			<string>PBXFileReference</string>
			<key>lastKnownFileType</key>
			<string>wrapper.framework</string>
			<key>name</key>
			<string>Foundation.framework</string>
			<key>path</key>
			<string>System/Library/Frameworks/Foundation.framework</string>
			<key>sourceTree</key>
			<string>SDKROOT</string>
		</dict>
		<key>C131F85F193A85AD00DE87FE</key>
		<dict>
			<key>fileRef</key>
			<string>C131F85E193A85AD00DE87FE</string>
			<key>isa</key>
			<string>PBXBuildFile</string>
		</dict>
		<key>C131F860193A85AD00DE87FE</key>
		<dict>
			<key>isa</key>
			<string>PBXFileReference</string>
			<key>lastKnownFileType</key>
			<string>wrapper.framework</string>
			<key>name</key>
			<string>CoreGraphics.framework</string>
			<key>path</key>
			<string>System/Library/Frameworks/CoreGraphics.framework</string>
			<key>sourceTree</key>
			<string>SDKROOT</string>
		</dict>
		<key>C131F861193A85AD00DE87FE</key>
		<dict>
			<key>fileRef</key>
			<string>C131F860193A85AD00DE87FE</string>
			<key>isa</key>
			<string>PBXBuildFile</string>
		</dict>
		<key>C131F862193A85AD00DE87FE</key>
		<dict>
			<key>isa</key>
			<string>PBXFileReference</string>
			<key>lastKnownFileType</key>
			<string>wrapper.framework</string>
			<key>name</key>
			<string>UIKit.framework</string>
			<key>path</key>
			<string>System/Library/Frameworks/UIKit.framework</string>
			<key>sourceTree</key>
			<string>SDKROOT</string>
		</dict>
		<key>C131F863193A85AD00DE87FE</key>
		<dict>
			<key>fileRef</key>
			<string>C131F862193A85AD00DE87FE</string>
			<key>isa</key>
			<string>PBXBuildFile</string>
		</dict>
		<key>C131F864193A85AD00DE87FE</key>
		<dict>
			<key>children</key>
			<array>
				<string>C131F86D193A85AD00DE87FE</string>
				<string>C131F86E193A85AD00DE87FE</string>
				<string>C131F879193A85AD00DE87FE</string>
				<string>C131F865193A85AD00DE87FE</string>
				<string>C131F899193BF18C00DE87FE</string>
				<string>C131F89A193BF18C00DE87FE</string>
				<string>C131F89B193BF18C00DE87FE</string>
			</array>
			<key>isa</key>
			<string>PBXGroup</string>
			<key>path</key>
			<string>Reactive Colors</string>
			<key>sourceTree</key>
			<string>&lt;group&gt;</string>
		</dict>
		<key>C131F865193A85AD00DE87FE</key>
		<dict>
			<key>children</key>
			<array>
				<string>C131F866193A85AD00DE87FE</string>
				<string>C131F867193A85AD00DE87FE</string>
				<string>C131F86A193A85AD00DE87FE</string>
				<string>C131F86C193A85AD00DE87FE</string>
			</array>
			<key>isa</key>
			<string>PBXGroup</string>
			<key>name</key>
			<string>Supporting Files</string>
			<key>sourceTree</key>
			<string>&lt;group&gt;</string>
		</dict>
		<key>C131F866193A85AD00DE87FE</key>
		<dict>
			<key>isa</key>
			<string>PBXFileReference</string>
			<key>lastKnownFileType</key>
			<string>text.plist.xml</string>
			<key>path</key>
			<string>Reactive Colors-Info.plist</string>
			<key>sourceTree</key>
			<string>&lt;group&gt;</string>
		</dict>
		<key>C131F867193A85AD00DE87FE</key>
		<dict>
			<key>children</key>
			<array>
				<string>C131F868193A85AD00DE87FE</string>
			</array>
			<key>isa</key>
			<string>PBXVariantGroup</string>
			<key>name</key>
			<string>InfoPlist.strings</string>
			<key>sourceTree</key>
			<string>&lt;group&gt;</string>
		</dict>
		<key>C131F868193A85AD00DE87FE</key>
		<dict>
			<key>isa</key>
			<string>PBXFileReference</string>
			<key>lastKnownFileType</key>
			<string>text.plist.strings</string>
			<key>name</key>
			<string>en</string>
			<key>path</key>
			<string>en.lproj/InfoPlist.strings</string>
			<key>sourceTree</key>
			<string>&lt;group&gt;</string>
		</dict>
		<key>C131F869193A85AD00DE87FE</key>
		<dict>
			<key>fileRef</key>
			<string>C131F867193A85AD00DE87FE</string>
			<key>isa</key>
			<string>PBXBuildFile</string>
		</dict>
		<key>C131F86A193A85AD00DE87FE</key>
		<dict>
			<key>isa</key>
			<string>PBXFileReference</string>
			<key>lastKnownFileType</key>
			<string>sourcecode.c.objc</string>
			<key>path</key>
			<string>main.m</string>
			<key>sourceTree</key>
			<string>&lt;group&gt;</string>
		</dict>
		<key>C131F86B193A85AD00DE87FE</key>
		<dict>
			<key>fileRef</key>
			<string>C131F86A193A85AD00DE87FE</string>
			<key>isa</key>
			<string>PBXBuildFile</string>
		</dict>
		<key>C131F86C193A85AD00DE87FE</key>
		<dict>
			<key>isa</key>
			<string>PBXFileReference</string>
			<key>lastKnownFileType</key>
			<string>sourcecode.c.h</string>
			<key>path</key>
			<string>Reactive Colors-Prefix.pch</string>
			<key>sourceTree</key>
			<string>&lt;group&gt;</string>
		</dict>
		<key>C131F86D193A85AD00DE87FE</key>
		<dict>
			<key>isa</key>
			<string>PBXFileReference</string>
			<key>lastKnownFileType</key>
			<string>sourcecode.c.h</string>
			<key>path</key>
			<string>RXCAppDelegate.h</string>
			<key>sourceTree</key>
			<string>&lt;group&gt;</string>
		</dict>
		<key>C131F86E193A85AD00DE87FE</key>
		<dict>
			<key>isa</key>
			<string>PBXFileReference</string>
			<key>lastKnownFileType</key>
			<string>sourcecode.c.objc</string>
			<key>path</key>
			<string>RXCAppDelegate.m</string>
			<key>sourceTree</key>
			<string>&lt;group&gt;</string>
		</dict>
		<key>C131F86F193A85AD00DE87FE</key>
		<dict>
			<key>fileRef</key>
			<string>C131F86E193A85AD00DE87FE</string>
			<key>isa</key>
			<string>PBXBuildFile</string>
		</dict>
		<key>C131F879193A85AD00DE87FE</key>
		<dict>
			<key>isa</key>
			<string>PBXFileReference</string>
			<key>lastKnownFileType</key>
			<string>folder.assetcatalog</string>
			<key>path</key>
			<string>Images.xcassets</string>
			<key>sourceTree</key>
			<string>&lt;group&gt;</string>
		</dict>
		<key>C131F87A193A85AD00DE87FE</key>
		<dict>
			<key>fileRef</key>
			<string>C131F879193A85AD00DE87FE</string>
			<key>isa</key>
			<string>PBXBuildFile</string>
		</dict>
		<key>C131F87B193A85AD00DE87FE</key>
		<dict>
			<key>buildActionMask</key>
			<string>2147483647</string>
			<key>files</key>
			<array>
				<string>C131F89D193BF18C00DE87FE</string>
				<string>C131F88D193A85AD00DE87FE</string>
			</array>
			<key>isa</key>
			<string>PBXSourcesBuildPhase</string>
			<key>runOnlyForDeploymentPostprocessing</key>
			<string>0</string>
		</dict>
		<key>C131F87C193A85AD00DE87FE</key>
		<dict>
			<key>buildActionMask</key>
			<string>2147483647</string>
			<key>files</key>
			<array>
				<string>C131F881193A85AD00DE87FE</string>
				<string>C131F883193A85AD00DE87FE</string>
				<string>C131F882193A85AD00DE87FE</string>
			</array>
			<key>isa</key>
			<string>PBXFrameworksBuildPhase</string>
			<key>runOnlyForDeploymentPostprocessing</key>
			<string>0</string>
		</dict>
		<key>C131F87D193A85AD00DE87FE</key>
		<dict>
			<key>buildActionMask</key>
			<string>2147483647</string>
			<key>files</key>
			<array>
				<string>C131F88B193A85AD00DE87FE</string>
				<string>C131F89F193BF18C00DE87FE</string>
			</array>
			<key>isa</key>
			<string>PBXResourcesBuildPhase</string>
			<key>runOnlyForDeploymentPostprocessing</key>
			<string>0</string>
		</dict>
		<key>C131F87E193A85AD00DE87FE</key>
		<dict>
			<key>buildConfigurationList</key>
			<string>C131F893193A85AD00DE87FE</string>
			<key>buildPhases</key>
			<array>
				<string>C131F87B193A85AD00DE87FE</string>
				<string>C131F87C193A85AD00DE87FE</string>
				<string>C131F87D193A85AD00DE87FE</string>
			</array>
			<key>buildRules</key>
			<array/>
			<key>dependencies</key>
			<array>
				<string>C131F885193A85AD00DE87FE</string>
			</array>
			<key>isa</key>
			<string>PBXNativeTarget</string>
			<key>name</key>
			<string>Reactive ColorsTests</string>
			<key>productName</key>
			<string>Reactive ColorsTests</string>
			<key>productReference</key>
			<string>C131F87F193A85AD00DE87FE</string>
			<key>productType</key>
			<string>com.apple.product-type.bundle.unit-test</string>
		</dict>
		<key>C131F87F193A85AD00DE87FE</key>
		<dict>
			<key>explicitFileType</key>
			<string>wrapper.cfbundle</string>
			<key>includeInIndex</key>
			<string>0</string>
			<key>isa</key>
			<string>PBXFileReference</string>
			<key>path</key>
			<string>Reactive ColorsTests.xctest</string>
			<key>sourceTree</key>
			<string>BUILT_PRODUCTS_DIR</string>
		</dict>
		<key>C131F880193A85AD00DE87FE</key>
		<dict>
			<key>isa</key>
			<string>PBXFileReference</string>
			<key>lastKnownFileType</key>
			<string>wrapper.framework</string>
			<key>name</key>
			<string>XCTest.framework</string>
			<key>path</key>
			<string>Library/Frameworks/XCTest.framework</string>
			<key>sourceTree</key>
			<string>DEVELOPER_DIR</string>
		</dict>
		<key>C131F881193A85AD00DE87FE</key>
		<dict>
			<key>fileRef</key>
			<string>C131F880193A85AD00DE87FE</string>
			<key>isa</key>
			<string>PBXBuildFile</string>
		</dict>
		<key>C131F882193A85AD00DE87FE</key>
		<dict>
			<key>fileRef</key>
			<string>C131F85E193A85AD00DE87FE</string>
			<key>isa</key>
			<string>PBXBuildFile</string>
		</dict>
		<key>C131F883193A85AD00DE87FE</key>
		<dict>
			<key>fileRef</key>
			<string>C131F862193A85AD00DE87FE</string>
			<key>isa</key>
			<string>PBXBuildFile</string>
		</dict>
		<key>C131F884193A85AD00DE87FE</key>
		<dict>
			<key>containerPortal</key>
			<string>C131F853193A85AD00DE87FE</string>
			<key>isa</key>
			<string>PBXContainerItemProxy</string>
			<key>proxyType</key>
			<string>1</string>
			<key>remoteGlobalIDString</key>
			<string>C131F85A193A85AD00DE87FE</string>
			<key>remoteInfo</key>
			<string>Reactive Colors</string>
		</dict>
		<key>C131F885193A85AD00DE87FE</key>
		<dict>
			<key>isa</key>
			<string>PBXTargetDependency</string>
			<key>target</key>
			<string>C131F85A193A85AD00DE87FE</string>
			<key>targetProxy</key>
			<string>C131F884193A85AD00DE87FE</string>
		</dict>
		<key>C131F886193A85AD00DE87FE</key>
		<dict>
			<key>children</key>
			<array>
				<string>C131F88C193A85AD00DE87FE</string>
				<string>C131F887193A85AD00DE87FE</string>
			</array>
			<key>isa</key>
			<string>PBXGroup</string>
			<key>path</key>
			<string>Reactive ColorsTests</string>
			<key>sourceTree</key>
			<string>&lt;group&gt;</string>
		</dict>
		<key>C131F887193A85AD00DE87FE</key>
		<dict>
			<key>children</key>
			<array>
				<string>C131F888193A85AD00DE87FE</string>
				<string>C131F889193A85AD00DE87FE</string>
			</array>
			<key>isa</key>
			<string>PBXGroup</string>
			<key>name</key>
			<string>Supporting Files</string>
			<key>sourceTree</key>
			<string>&lt;group&gt;</string>
		</dict>
		<key>C131F888193A85AD00DE87FE</key>
		<dict>
			<key>isa</key>
			<string>PBXFileReference</string>
			<key>lastKnownFileType</key>
			<string>text.plist.xml</string>
			<key>path</key>
			<string>Reactive ColorsTests-Info.plist</string>
			<key>sourceTree</key>
			<string>&lt;group&gt;</string>
		</dict>
		<key>C131F889193A85AD00DE87FE</key>
		<dict>
			<key>children</key>
			<array>
				<string>C131F88A193A85AD00DE87FE</string>
			</array>
			<key>isa</key>
			<string>PBXVariantGroup</string>
			<key>name</key>
			<string>InfoPlist.strings</string>
			<key>sourceTree</key>
			<string>&lt;group&gt;</string>
		</dict>
		<key>C131F88A193A85AD00DE87FE</key>
		<dict>
			<key>isa</key>
			<string>PBXFileReference</string>
			<key>lastKnownFileType</key>
			<string>text.plist.strings</string>
			<key>name</key>
			<string>en</string>
			<key>path</key>
			<string>en.lproj/InfoPlist.strings</string>
			<key>sourceTree</key>
			<string>&lt;group&gt;</string>
		</dict>
		<key>C131F88B193A85AD00DE87FE</key>
		<dict>
			<key>fileRef</key>
			<string>C131F889193A85AD00DE87FE</string>
			<key>isa</key>
			<string>PBXBuildFile</string>
		</dict>
		<key>C131F88C193A85AD00DE87FE</key>
		<dict>
			<key>isa</key>
			<string>PBXFileReference</string>
			<key>lastKnownFileType</key>
			<string>sourcecode.c.objc</string>
			<key>path</key>
			<string>Reactive_ColorsTests.m</string>
			<key>sourceTree</key>
			<string>&lt;group&gt;</string>
		</dict>
		<key>C131F88D193A85AD00DE87FE</key>
		<dict>
			<key>fileRef</key>
			<string>C131F88C193A85AD00DE87FE</string>
			<key>isa</key>
			<string>PBXBuildFile</string>
		</dict>
		<key>C131F88E193A85AD00DE87FE</key>
		<dict>
			<key>buildSettings</key>
			<dict>
				<key>ALWAYS_SEARCH_USER_PATHS</key>
				<string>NO</string>
				<key>ARCHS</key>
				<string>$(ARCHS_STANDARD_INCLUDING_64_BIT)</string>
				<key>CLANG_CXX_LANGUAGE_STANDARD</key>
				<string>gnu++0x</string>
				<key>CLANG_CXX_LIBRARY</key>
				<string>libc++</string>
				<key>CLANG_ENABLE_MODULES</key>
				<string>YES</string>
				<key>CLANG_ENABLE_OBJC_ARC</key>
				<string>YES</string>
				<key>CLANG_WARN_BOOL_CONVERSION</key>
				<string>YES</string>
				<key>CLANG_WARN_CONSTANT_CONVERSION</key>
				<string>YES</string>
				<key>CLANG_WARN_DIRECT_OBJC_ISA_USAGE</key>
				<string>YES_ERROR</string>
				<key>CLANG_WARN_EMPTY_BODY</key>
				<string>YES</string>
				<key>CLANG_WARN_ENUM_CONVERSION</key>
				<string>YES</string>
				<key>CLANG_WARN_INT_CONVERSION</key>
				<string>YES</string>
				<key>CLANG_WARN_OBJC_ROOT_CLASS</key>
				<string>YES_ERROR</string>
				<key>CLANG_WARN__DUPLICATE_METHOD_MATCH</key>
				<string>YES</string>
				<key>CODE_SIGN_IDENTITY[sdk=iphoneos*]</key>
				<string>iPhone Developer</string>
				<key>COPY_PHASE_STRIP</key>
				<string>NO</string>
				<key>GCC_C_LANGUAGE_STANDARD</key>
				<string>gnu99</string>
				<key>GCC_DYNAMIC_NO_PIC</key>
				<string>NO</string>
				<key>GCC_OPTIMIZATION_LEVEL</key>
				<string>0</string>
				<key>GCC_PREPROCESSOR_DEFINITIONS</key>
				<array>
					<string>DEBUG=1</string>
					<string>$(inherited)</string>
				</array>
				<key>GCC_SYMBOLS_PRIVATE_EXTERN</key>
				<string>NO</string>
				<key>GCC_WARN_64_TO_32_BIT_CONVERSION</key>
				<string>YES</string>
				<key>GCC_WARN_ABOUT_RETURN_TYPE</key>
				<string>YES_ERROR</string>
				<key>GCC_WARN_UNDECLARED_SELECTOR</key>
				<string>YES</string>
				<key>GCC_WARN_UNINITIALIZED_AUTOS</key>
				<string>YES</string>
				<key>GCC_WARN_UNUSED_FUNCTION</key>
				<string>YES</string>
				<key>GCC_WARN_UNUSED_VARIABLE</key>
				<string>YES</string>
				<key>IPHONEOS_DEPLOYMENT_TARGET</key>
				<string>7.0</string>
				<key>ONLY_ACTIVE_ARCH</key>
				<string>YES</string>
				<key>SDKROOT</key>
				<string>iphoneos</string>
				<key>TARGETED_DEVICE_FAMILY</key>
				<string>1,2</string>
			</dict>
			<key>isa</key>
			<string>XCBuildConfiguration</string>
			<key>name</key>
			<string>Debug</string>
		</dict>
		<key>C131F88F193A85AD00DE87FE</key>
		<dict>
			<key>buildSettings</key>
			<dict>
				<key>ALWAYS_SEARCH_USER_PATHS</key>
				<string>NO</string>
				<key>ARCHS</key>
				<string>$(ARCHS_STANDARD_INCLUDING_64_BIT)</string>
				<key>CLANG_CXX_LANGUAGE_STANDARD</key>
				<string>gnu++0x</string>
				<key>CLANG_CXX_LIBRARY</key>
				<string>libc++</string>
				<key>CLANG_ENABLE_MODULES</key>
				<string>YES</string>
				<key>CLANG_ENABLE_OBJC_ARC</key>
				<string>YES</string>
				<key>CLANG_WARN_BOOL_CONVERSION</key>
				<string>YES</string>
				<key>CLANG_WARN_CONSTANT_CONVERSION</key>
				<string>YES</string>
				<key>CLANG_WARN_DIRECT_OBJC_ISA_USAGE</key>
				<string>YES_ERROR</string>
				<key>CLANG_WARN_EMPTY_BODY</key>
				<string>YES</string>
				<key>CLANG_WARN_ENUM_CONVERSION</key>
				<string>YES</string>
				<key>CLANG_WARN_INT_CONVERSION</key>
				<string>YES</string>
				<key>CLANG_WARN_OBJC_ROOT_CLASS</key>
				<string>YES_ERROR</string>
				<key>CLANG_WARN__DUPLICATE_METHOD_MATCH</key>
				<string>YES</string>
				<key>CODE_SIGN_IDENTITY[sdk=iphoneos*]</key>
				<string>iPhone Developer</string>
				<key>COPY_PHASE_STRIP</key>
				<string>YES</string>
				<key>ENABLE_NS_ASSERTIONS</key>
				<string>NO</string>
				<key>GCC_C_LANGUAGE_STANDARD</key>
				<string>gnu99</string>
				<key>GCC_WARN_64_TO_32_BIT_CONVERSION</key>
				<string>YES</string>
				<key>GCC_WARN_ABOUT_RETURN_TYPE</key>
				<string>YES_ERROR</string>
				<key>GCC_WARN_UNDECLARED_SELECTOR</key>
				<string>YES</string>
				<key>GCC_WARN_UNINITIALIZED_AUTOS</key>
				<string>YES</string>
				<key>GCC_WARN_UNUSED_FUNCTION</key>
				<string>YES</string>
				<key>GCC_WARN_UNUSED_VARIABLE</key>
				<string>YES</string>
				<key>IPHONEOS_DEPLOYMENT_TARGET</key>
				<string>7.0</string>
				<key>SDKROOT</key>
				<string>iphoneos</string>
				<key>TARGETED_DEVICE_FAMILY</key>
				<string>1,2</string>
				<key>VALIDATE_PRODUCT</key>
				<string>YES</string>
			</dict>
			<key>isa</key>
			<string>XCBuildConfiguration</string>
			<key>name</key>
			<string>Release</string>
		</dict>
		<key>C131F890193A85AD00DE87FE</key>
		<dict>
			<key>buildConfigurations</key>
			<array>
				<string>C131F891193A85AD00DE87FE</string>
				<string>C131F892193A85AD00DE87FE</string>
			</array>
			<key>defaultConfigurationIsVisible</key>
			<string>0</string>
			<key>defaultConfigurationName</key>
			<string>Release</string>
			<key>isa</key>
			<string>XCConfigurationList</string>
		</dict>
		<key>C131F891193A85AD00DE87FE</key>
		<dict>
			<key>baseConfigurationReference</key>
			<string>A78BCC4A323C4A59BD200A9B</string>
			<key>buildSettings</key>
			<dict>
				<key>ASSETCATALOG_COMPILER_APPICON_NAME</key>
				<string>AppIcon</string>
				<key>ASSETCATALOG_COMPILER_LAUNCHIMAGE_NAME</key>
				<string>LaunchImage</string>
				<key>GCC_PRECOMPILE_PREFIX_HEADER</key>
				<string>YES</string>
				<key>GCC_PREFIX_HEADER</key>
				<string>Reactive Colors/Reactive Colors-Prefix.pch</string>
				<key>INFOPLIST_FILE</key>
				<string>Reactive Colors/Reactive Colors-Info.plist</string>
				<key>PRODUCT_NAME</key>
				<string>$(TARGET_NAME)</string>
				<key>WRAPPER_EXTENSION</key>
				<string>app</string>
			</dict>
			<key>isa</key>
			<string>XCBuildConfiguration</string>
			<key>name</key>
			<string>Debug</string>
		</dict>
		<key>C131F892193A85AD00DE87FE</key>
		<dict>
			<key>baseConfigurationReference</key>
			<string>A78BCC4A323C4A59BD200A9B</string>
			<key>buildSettings</key>
			<dict>
				<key>ASSETCATALOG_COMPILER_APPICON_NAME</key>
				<string>AppIcon</string>
				<key>ASSETCATALOG_COMPILER_LAUNCHIMAGE_NAME</key>
				<string>LaunchImage</string>
				<key>GCC_PRECOMPILE_PREFIX_HEADER</key>
				<string>YES</string>
				<key>GCC_PREFIX_HEADER</key>
				<string>Reactive Colors/Reactive Colors-Prefix.pch</string>
				<key>INFOPLIST_FILE</key>
				<string>Reactive Colors/Reactive Colors-Info.plist</string>
				<key>PRODUCT_NAME</key>
				<string>$(TARGET_NAME)</string>
				<key>WRAPPER_EXTENSION</key>
				<string>app</string>
			</dict>
			<key>isa</key>
			<string>XCBuildConfiguration</string>
			<key>name</key>
			<string>Release</string>
		</dict>
		<key>C131F893193A85AD00DE87FE</key>
		<dict>
			<key>buildConfigurations</key>
			<array>
				<string>C131F894193A85AD00DE87FE</string>
				<string>C131F895193A85AD00DE87FE</string>
			</array>
			<key>defaultConfigurationIsVisible</key>
			<string>0</string>
			<key>defaultConfigurationName</key>
			<string>Release</string>
			<key>isa</key>
			<string>XCConfigurationList</string>
		</dict>
		<key>C131F894193A85AD00DE87FE</key>
		<dict>
			<key>buildSettings</key>
			<dict>
				<key>ARCHS</key>
				<string>$(ARCHS_STANDARD_INCLUDING_64_BIT)</string>
				<key>BUNDLE_LOADER</key>
				<string>$(BUILT_PRODUCTS_DIR)/Reactive Colors.app/Reactive Colors</string>
				<key>FRAMEWORK_SEARCH_PATHS</key>
				<array>
					<string>$(SDKROOT)/Developer/Library/Frameworks</string>
					<string>$(inherited)</string>
					<string>$(DEVELOPER_FRAMEWORKS_DIR)</string>
				</array>
				<key>GCC_PRECOMPILE_PREFIX_HEADER</key>
				<string>YES</string>
				<key>GCC_PREFIX_HEADER</key>
				<string>Reactive Colors/Reactive Colors-Prefix.pch</string>
				<key>GCC_PREPROCESSOR_DEFINITIONS</key>
				<array>
					<string>DEBUG=1</string>
					<string>$(inherited)</string>
				</array>
				<key>INFOPLIST_FILE</key>
				<string>Reactive ColorsTests/Reactive ColorsTests-Info.plist</string>
				<key>PRODUCT_NAME</key>
				<string>$(TARGET_NAME)</string>
				<key>TEST_HOST</key>
				<string>$(BUNDLE_LOADER)</string>
				<key>WRAPPER_EXTENSION</key>
				<string>xctest</string>
			</dict>
			<key>isa</key>
			<string>XCBuildConfiguration</string>
			<key>name</key>
			<string>Debug</string>
		</dict>
		<key>C131F895193A85AD00DE87FE</key>
		<dict>
			<key>buildSettings</key>
			<dict>
				<key>ARCHS</key>
				<string>$(ARCHS_STANDARD_INCLUDING_64_BIT)</string>
				<key>BUNDLE_LOADER</key>
				<string>$(BUILT_PRODUCTS_DIR)/Reactive Colors.app/Reactive Colors</string>
				<key>FRAMEWORK_SEARCH_PATHS</key>
				<array>
					<string>$(SDKROOT)/Developer/Library/Frameworks</string>
					<string>$(inherited)</string>
					<string>$(DEVELOPER_FRAMEWORKS_DIR)</string>
				</array>
				<key>GCC_PRECOMPILE_PREFIX_HEADER</key>
				<string>YES</string>
				<key>GCC_PREFIX_HEADER</key>
				<string>Reactive Colors/Reactive Colors-Prefix.pch</string>
				<key>INFOPLIST_FILE</key>
				<string>Reactive ColorsTests/Reactive ColorsTests-Info.plist</string>
				<key>PRODUCT_NAME</key>
				<string>$(TARGET_NAME)</string>
				<key>TEST_HOST</key>
				<string>$(BUNDLE_LOADER)</string>
				<key>WRAPPER_EXTENSION</key>
				<string>xctest</string>
			</dict>
			<key>isa</key>
			<string>XCBuildConfiguration</string>
			<key>name</key>
			<string>Release</string>
		</dict>
		<key>C131F899193BF18C00DE87FE</key>
		<dict>
			<key>fileEncoding</key>
			<string>4</string>
			<key>isa</key>
			<string>PBXFileReference</string>
			<key>lastKnownFileType</key>
			<string>sourcecode.c.h</string>
			<key>path</key>
			<string>RXCRootViewController.h</string>
			<key>sourceTree</key>
			<string>&lt;group&gt;</string>
		</dict>
		<key>C131F89A193BF18C00DE87FE</key>
		<dict>
			<key>fileEncoding</key>
			<string>4</string>
			<key>isa</key>
			<string>PBXFileReference</string>
			<key>lastKnownFileType</key>
			<string>sourcecode.c.objc</string>
			<key>path</key>
			<string>RXCRootViewController.m</string>
			<key>sourceTree</key>
			<string>&lt;group&gt;</string>
		</dict>
		<key>C131F89B193BF18C00DE87FE</key>
		<dict>
			<key>fileEncoding</key>
			<string>4</string>
			<key>isa</key>
			<string>PBXFileReference</string>
			<key>lastKnownFileType</key>
			<string>file.xib</string>
			<key>path</key>
			<string>RXCRootViewController.xib</string>
			<key>sourceTree</key>
			<string>&lt;group&gt;</string>
		</dict>
		<key>C131F89C193BF18C00DE87FE</key>
		<dict>
			<key>fileRef</key>
			<string>C131F89A193BF18C00DE87FE</string>
			<key>isa</key>
			<string>PBXBuildFile</string>
		</dict>
		<key>C131F89D193BF18C00DE87FE</key>
		<dict>
			<key>fileRef</key>
			<string>C131F89A193BF18C00DE87FE</string>
			<key>isa</key>
			<string>PBXBuildFile</string>
		</dict>
		<key>C131F89E193BF18C00DE87FE</key>
		<dict>
			<key>fileRef</key>
			<string>C131F89B193BF18C00DE87FE</string>
			<key>isa</key>
			<string>PBXBuildFile</string>
		</dict>
		<key>C131F89F193BF18C00DE87FE</key>
		<dict>
			<key>fileRef</key>
			<string>C131F89B193BF18C00DE87FE</string>
			<key>isa</key>
			<string>PBXBuildFile</string>
		</dict>
	</dict>
	<key>rootObject</key>
	<string>C131F853193A85AD00DE87FE</string>
</dict>
</plist>
